// !$*UTF8*$!
{
	archiveVersion = 1;
	classes = {
	};
	objectVersion = 77;
	objects = {

/* Begin PBXBuildFile section */
		00935CDF786709284DA0BF1B /* BlackHole.metal in Sources */ = {isa = PBXBuildFile; fileRef = F7CB23EAF404BEF37969E5BA /* BlackHole.metal */; };
		0273C7B002D180F842D5C02C /* BlackHoleParameters.swift in Sources */ = {isa = PBXBuildFile; fileRef = FD327117E66302BD38F7AEAD /* BlackHoleParameters.swift */; };
		0313DD307A72C2C2A673FBDC /* ImmersiveRenderer.swift in Sources */ = {isa = PBXBuildFile; fileRef = 29BEC6B796F2572E687DEA19 /* ImmersiveRenderer.swift */; };
		05D5CC0F0AE636C5C8E238FC /* ImmersiveScene.metal in Sources */ = {isa = PBXBuildFile; fileRef = 5B7164F8C63CCFB0AD312A80 /* ImmersiveScene.metal */; };
		08846C9EDD81AA09AD3DDEF7 /* Renderer.swift in Sources */ = {isa = PBXBuildFile; fileRef = EFFE7DD2F5FD94877794B512 /* Renderer.swift */; };
		0F6B02087E9DD6DEB615BB74 /* PrivacyInfo.xcprivacy in Resources */ = {isa = PBXBuildFile; fileRef = ACC9B3C45605DEDD23F39963 /* PrivacyInfo.xcprivacy */; };
		145116860D5A26CEE03394A8 /* SubscriptionManager.swift in Sources */ = {isa = PBXBuildFile; fileRef = 74A591C534F0D81CB1BC28FD /* SubscriptionManager.swift */; };
		1911572044E831B11D4D43EC /* VisionControlsView.swift in Sources */ = {isa = PBXBuildFile; fileRef = AD9BA2C2D5BA421AD48B304A /* VisionControlsView.swift */; };
		1F2844246F448800945F9A99 /* Gravitas.swift in Sources */ = {isa = PBXBuildFile; fileRef = 228A3247AF1FD5E3C0B7DF90 /* Gravitas.swift */; };
		22A7ED9133BEA9CF0A8E1DC7 /* visionOSApp.swift in Sources */ = {isa = PBXBuildFile; fileRef = 67C0B12C9E38749A66148D98 /* visionOSApp.swift */; };
		2A223A3E46F20A1BEBC85384 /* PaywallSheet.swift in Sources */ = {isa = PBXBuildFile; fileRef = 94971C7B80C0B86890A7A823 /* PaywallSheet.swift */; };
		2C931596D87616352F150863 /* PomodoroView.swift in Sources */ = {isa = PBXBuildFile; fileRef = 3026567985814163C7FA34BF /* PomodoroView.swift */; };
		2FA030A848553CFAABCD0A5F /* BlackHole.metal in Sources */ = {isa = PBXBuildFile; fileRef = F7CB23EAF404BEF37969E5BA /* BlackHole.metal */; };
		3216A3C93A9B10077BD95A6C /* AboutSheet.swift in Sources */ = {isa = PBXBuildFile; fileRef = 9AC73052E737148B60773EDA /* AboutSheet.swift */; };
		452172F680ACEB66D2624295 /* QualityPreset.swift in Sources */ = {isa = PBXBuildFile; fileRef = 13CC2436F650CACEF9C12C44 /* QualityPreset.swift */; };
		495CB10CBBE976B183ABBBA2 /* Scenarios.swift in Sources */ = {isa = PBXBuildFile; fileRef = 385F1F323863C33A518CFC90 /* Scenarios.swift */; };
		4A9F6307104030822CEB7FAE /* Renderer.swift in Sources */ = {isa = PBXBuildFile; fileRef = EFFE7DD2F5FD94877794B512 /* Renderer.swift */; };
		4B958B2B76DBD2133B376987 /* Assets.xcassets in Resources */ = {isa = PBXBuildFile; fileRef = EA63F959520F6119D5606374 /* Assets.xcassets */; };
		5272AD76B4E1584C99F12A27 /* Postprocess.metal in Sources */ = {isa = PBXBuildFile; fileRef = 98202AB7F164C5CCC41EC1CE /* Postprocess.metal */; };
		55D87B9B9092B7875FB78175 /* Assets.xcassets in Resources */ = {isa = PBXBuildFile; fileRef = 8AAD919A090B51F89F413EA0 /* Assets.xcassets */; };
		57BBC2DDBF369F88A3613FF1 /* WallpaperManager.swift in Sources */ = {isa = PBXBuildFile; fileRef = 23B9F74FA3C20F5E42CE28EC /* WallpaperManager.swift */; };
		59B060E7778F6E712F54014D /* LaunchScreen.storyboard in Resources */ = {isa = PBXBuildFile; fileRef = 04C9180D828CD070A4EE8437 /* LaunchScreen.storyboard */; };
		5ABE00F7E3B50DD51DA1CF53 /* AppController.swift in Sources */ = {isa = PBXBuildFile; fileRef = 414ED71E960453A3B70A5632 /* AppController.swift */; };
		5D3F7A2D3C635D755880BE7A /* MetalView.swift in Sources */ = {isa = PBXBuildFile; fileRef = B07C58C81249192B2E4CC996 /* MetalView.swift */; };
		5D5A75D72DF1AB56D394583C /* AboutSheet.swift in Sources */ = {isa = PBXBuildFile; fileRef = 9AC73052E737148B60773EDA /* AboutSheet.swift */; };
		6602CB2FC029B2F356975F94 /* Scenarios.swift in Sources */ = {isa = PBXBuildFile; fileRef = 385F1F323863C33A518CFC90 /* Scenarios.swift */; };
		6A0A5D49DB5FA8110C617EAC /* MenuBarContent.swift in Sources */ = {isa = PBXBuildFile; fileRef = 91148CBE0EBE1FB5F544E907 /* MenuBarContent.swift */; };
		6E122D544EA53EF9E3AA7B7D /* ControlPanel.swift in Sources */ = {isa = PBXBuildFile; fileRef = CA29C6AB0EA23F31509EF7AD /* ControlPanel.swift */; };
		73690FFDD1D84E6DE37FE1EA /* Postprocess.metal in Sources */ = {isa = PBXBuildFile; fileRef = 98202AB7F164C5CCC41EC1CE /* Postprocess.metal */; };
		74C7FE6AF55575536DD6BFAE /* WallpaperOverlay.swift in Sources */ = {isa = PBXBuildFile; fileRef = 306AD48EBE39A6818CEF828F /* WallpaperOverlay.swift */; };
		7AB2137D911BCED6C23F0DA9 /* MetalView.swift in Sources */ = {isa = PBXBuildFile; fileRef = B07C58C81249192B2E4CC996 /* MetalView.swift */; };
		7C6ED339F260D0390656376D /* AboutSheet.swift in Sources */ = {isa = PBXBuildFile; fileRef = 9AC73052E737148B60773EDA /* AboutSheet.swift */; };
		7E3C77BA3757E00CD5BA996B /* PomodoroView.swift in Sources */ = {isa = PBXBuildFile; fileRef = 3026567985814163C7FA34BF /* PomodoroView.swift */; };
		7E785BBFC0753AB8CB05FC11 /* PomodoroTimer.swift in Sources */ = {isa = PBXBuildFile; fileRef = 0C536C9AE14001F0686AEF34 /* PomodoroTimer.swift */; };
		7EE2E558624B090736EE9BDB /* ControlPanel.swift in Sources */ = {isa = PBXBuildFile; fileRef = CA29C6AB0EA23F31509EF7AD /* ControlPanel.swift */; };
		86F5C708878923FF3B4E24E1 /* SubscriptionManager.swift in Sources */ = {isa = PBXBuildFile; fileRef = 74A591C534F0D81CB1BC28FD /* SubscriptionManager.swift */; };
		8CBCED5C9DEB36A8D0BFB09D /* HUDView.swift in Sources */ = {isa = PBXBuildFile; fileRef = 6B22B6FE2DEE0E1FAE3C5820 /* HUDView.swift */; };
		928D723A448C0FCE1E483F30 /* PomodoroTimer.swift in Sources */ = {isa = PBXBuildFile; fileRef = 0C536C9AE14001F0686AEF34 /* PomodoroTimer.swift */; };
		950AB0F930740072F42899F4 /* iOSApp.swift in Sources */ = {isa = PBXBuildFile; fileRef = 2063DC9DB076023B1EDB0B0B /* iOSApp.swift */; };
		95C9B85C8CFD1214BC42B11E /* ContentView.swift in Sources */ = {isa = PBXBuildFile; fileRef = 8516951A35DF5BAC2068FF56 /* ContentView.swift */; };
		97436CB8650F976ABA7AEF25 /* SubscriptionManager.swift in Sources */ = {isa = PBXBuildFile; fileRef = 74A591C534F0D81CB1BC28FD /* SubscriptionManager.swift */; };
		A0FE73C1962EFD2205BA26D1 /* PomodoroTimer.swift in Sources */ = {isa = PBXBuildFile; fileRef = 0C536C9AE14001F0686AEF34 /* PomodoroTimer.swift */; };
		A839DE4408696F05787165D2 /* Postprocess.metal in Sources */ = {isa = PBXBuildFile; fileRef = 98202AB7F164C5CCC41EC1CE /* Postprocess.metal */; };
		A83DDDFB57270785BD8D4EE3 /* ControlPanel.swift in Sources */ = {isa = PBXBuildFile; fileRef = CA29C6AB0EA23F31509EF7AD /* ControlPanel.swift */; };
		AB44C8F895407B51CF04DCF1 /* HUDView.swift in Sources */ = {isa = PBXBuildFile; fileRef = 6B22B6FE2DEE0E1FAE3C5820 /* HUDView.swift */; };
		AC74D175AC429F3B5487A02E /* HUDView.swift in Sources */ = {isa = PBXBuildFile; fileRef = 6B22B6FE2DEE0E1FAE3C5820 /* HUDView.swift */; };
		AF6E96C28DAB2E20ECC7B12D /* PomodoroView.swift in Sources */ = {isa = PBXBuildFile; fileRef = 3026567985814163C7FA34BF /* PomodoroView.swift */; };
		BF5E894EB0619BC5A716BF23 /* Gravitas.swift in Sources */ = {isa = PBXBuildFile; fileRef = 228A3247AF1FD5E3C0B7DF90 /* Gravitas.swift */; };
		C289B729EE7A6DC35A78D92F /* PaywallSheet.swift in Sources */ = {isa = PBXBuildFile; fileRef = 94971C7B80C0B86890A7A823 /* PaywallSheet.swift */; };
		C33C634C057A0EBBB885FD3A /* BlackHoleParameters.swift in Sources */ = {isa = PBXBuildFile; fileRef = FD327117E66302BD38F7AEAD /* BlackHoleParameters.swift */; };
		C731A45B2ED2610D29CC4234 /* WallpaperSaver.swift in Sources */ = {isa = PBXBuildFile; fileRef = 0D13F475A5E98679A99B94A9 /* WallpaperSaver.swift */; };
		CDF59D713DF376322D3589E3 /* ContentView.swift in Sources */ = {isa = PBXBuildFile; fileRef = 8516951A35DF5BAC2068FF56 /* ContentView.swift */; };
		D8C7C6A2311B938EBE7A50D6 /* macOSApp.swift in Sources */ = {isa = PBXBuildFile; fileRef = D877B3FC4148183FBA367728 /* macOSApp.swift */; };
		DEA1611520F03C045CFDD434 /* BlackHole.metal in Sources */ = {isa = PBXBuildFile; fileRef = F7CB23EAF404BEF37969E5BA /* BlackHole.metal */; };
		DED631FFEF28D2F74E076767 /* BlackHoleParameters.swift in Sources */ = {isa = PBXBuildFile; fileRef = FD327117E66302BD38F7AEAD /* BlackHoleParameters.swift */; };
		E83EE384723E7716CC405079 /* QualityPreset.swift in Sources */ = {isa = PBXBuildFile; fileRef = 13CC2436F650CACEF9C12C44 /* QualityPreset.swift */; };
		F35B3F8C56438C7665081A90 /* PrivacyInfo.xcprivacy in Resources */ = {isa = PBXBuildFile; fileRef = 138CE173BF3D9CE425A1BA87 /* PrivacyInfo.xcprivacy */; };
		F4957E4D0F8DF3FC99A035B0 /* QualityPreset.swift in Sources */ = {isa = PBXBuildFile; fileRef = 13CC2436F650CACEF9C12C44 /* QualityPreset.swift */; };
		F69ECF7C1E9B3B8CD6F79886 /* Assets.xcassets in Resources */ = {isa = PBXBuildFile; fileRef = EA63F959520F6119D5606374 /* Assets.xcassets */; };
		F769C40909B59841EEFFF714 /* PaywallSheet.swift in Sources */ = {isa = PBXBuildFile; fileRef = 94971C7B80C0B86890A7A823 /* PaywallSheet.swift */; };
		F82548E56AC34B875E8790B9 /* Gravitas.swift in Sources */ = {isa = PBXBuildFile; fileRef = 228A3247AF1FD5E3C0B7DF90 /* Gravitas.swift */; };
		FDEC3E7865D1BB5CB3B5AB7B /* Scenarios.swift in Sources */ = {isa = PBXBuildFile; fileRef = 385F1F323863C33A518CFC90 /* Scenarios.swift */; };
		FF4B75BF7BF4EE823CF370B5 /* Renderer.swift in Sources */ = {isa = PBXBuildFile; fileRef = EFFE7DD2F5FD94877794B512 /* Renderer.swift */; };
/* End PBXBuildFile section */

/* Begin PBXFileReference section */
		04C9180D828CD070A4EE8437 /* LaunchScreen.storyboard */ = {isa = PBXFileReference; lastKnownFileType = file.storyboard; path = LaunchScreen.storyboard; sourceTree = "<group>"; };
		0A1996A31D48334802F73F4C /* BlackHole.app */ = {isa = PBXFileReference; explicitFileType = wrapper.application; includeInIndex = 0; path = BlackHole.app; sourceTree = BUILT_PRODUCTS_DIR; };
		0A65A62FA186A73BEDC1A002 /* Info.plist */ = {isa = PBXFileReference; lastKnownFileType = text.plist; path = Info.plist; sourceTree = "<group>"; };
		0C536C9AE14001F0686AEF34 /* PomodoroTimer.swift */ = {isa = PBXFileReference; lastKnownFileType = sourcecode.swift; path = PomodoroTimer.swift; sourceTree = "<group>"; };
		0D13F475A5E98679A99B94A9 /* WallpaperSaver.swift */ = {isa = PBXFileReference; lastKnownFileType = sourcecode.swift; path = WallpaperSaver.swift; sourceTree = "<group>"; };
		138CE173BF3D9CE425A1BA87 /* PrivacyInfo.xcprivacy */ = {isa = PBXFileReference; lastKnownFileType = text.xml; path = PrivacyInfo.xcprivacy; sourceTree = "<group>"; };
		13CC2436F650CACEF9C12C44 /* QualityPreset.swift */ = {isa = PBXFileReference; lastKnownFileType = sourcecode.swift; path = QualityPreset.swift; sourceTree = "<group>"; };
		2063DC9DB076023B1EDB0B0B /* iOSApp.swift */ = {isa = PBXFileReference; lastKnownFileType = sourcecode.swift; path = iOSApp.swift; sourceTree = "<group>"; };
		228A3247AF1FD5E3C0B7DF90 /* Gravitas.swift */ = {isa = PBXFileReference; lastKnownFileType = sourcecode.swift; path = Gravitas.swift; sourceTree = "<group>"; };
		23B9F74FA3C20F5E42CE28EC /* WallpaperManager.swift */ = {isa = PBXFileReference; lastKnownFileType = sourcecode.swift; path = WallpaperManager.swift; sourceTree = "<group>"; };
		29BEC6B796F2572E687DEA19 /* ImmersiveRenderer.swift */ = {isa = PBXFileReference; lastKnownFileType = sourcecode.swift; path = ImmersiveRenderer.swift; sourceTree = "<group>"; };
		3026567985814163C7FA34BF /* PomodoroView.swift */ = {isa = PBXFileReference; lastKnownFileType = sourcecode.swift; path = PomodoroView.swift; sourceTree = "<group>"; };
		306AD48EBE39A6818CEF828F /* WallpaperOverlay.swift */ = {isa = PBXFileReference; lastKnownFileType = sourcecode.swift; path = WallpaperOverlay.swift; sourceTree = "<group>"; };
		385F1F323863C33A518CFC90 /* Scenarios.swift */ = {isa = PBXFileReference; lastKnownFileType = sourcecode.swift; path = Scenarios.swift; sourceTree = "<group>"; };
		414ED71E960453A3B70A5632 /* AppController.swift */ = {isa = PBXFileReference; lastKnownFileType = sourcecode.swift; path = AppController.swift; sourceTree = "<group>"; };
		5B7164F8C63CCFB0AD312A80 /* ImmersiveScene.metal */ = {isa = PBXFileReference; lastKnownFileType = sourcecode.metal; path = ImmersiveScene.metal; sourceTree = "<group>"; };
		67C0B12C9E38749A66148D98 /* visionOSApp.swift */ = {isa = PBXFileReference; lastKnownFileType = sourcecode.swift; path = visionOSApp.swift; sourceTree = "<group>"; };
		6B22B6FE2DEE0E1FAE3C5820 /* HUDView.swift */ = {isa = PBXFileReference; lastKnownFileType = sourcecode.swift; path = HUDView.swift; sourceTree = "<group>"; };
		74A591C534F0D81CB1BC28FD /* SubscriptionManager.swift */ = {isa = PBXFileReference; lastKnownFileType = sourcecode.swift; path = SubscriptionManager.swift; sourceTree = "<group>"; };
		8516951A35DF5BAC2068FF56 /* ContentView.swift */ = {isa = PBXFileReference; lastKnownFileType = sourcecode.swift; path = ContentView.swift; sourceTree = "<group>"; };
		886592F7CEC2BFA3D593F571 /* BlackHole-Bridging-Header.h */ = {isa = PBXFileReference; lastKnownFileType = sourcecode.c.h; path = "BlackHole-Bridging-Header.h"; sourceTree = "<group>"; };
		8AAD919A090B51F89F413EA0 /* Assets.xcassets */ = {isa = PBXFileReference; lastKnownFileType = folder.assetcatalog; path = Assets.xcassets; sourceTree = "<group>"; };
		91148CBE0EBE1FB5F544E907 /* MenuBarContent.swift */ = {isa = PBXFileReference; lastKnownFileType = sourcecode.swift; path = MenuBarContent.swift; sourceTree = "<group>"; };
		94971C7B80C0B86890A7A823 /* PaywallSheet.swift */ = {isa = PBXFileReference; lastKnownFileType = sourcecode.swift; path = PaywallSheet.swift; sourceTree = "<group>"; };
		98202AB7F164C5CCC41EC1CE /* Postprocess.metal */ = {isa = PBXFileReference; lastKnownFileType = sourcecode.metal; path = Postprocess.metal; sourceTree = "<group>"; };
		9AC73052E737148B60773EDA /* AboutSheet.swift */ = {isa = PBXFileReference; lastKnownFileType = sourcecode.swift; path = AboutSheet.swift; sourceTree = "<group>"; };
		A2DAEBF182F24FEB27214E2B /* BlackHole-visionOS.app */ = {isa = PBXFileReference; includeInIndex = 0; lastKnownFileType = wrapper.application; name = "BlackHole-visionOS.app"; path = BlackHole.app; sourceTree = BUILT_PRODUCTS_DIR; };
		ACC9B3C45605DEDD23F39963 /* PrivacyInfo.xcprivacy */ = {isa = PBXFileReference; lastKnownFileType = text.xml; path = PrivacyInfo.xcprivacy; sourceTree = "<group>"; };
		AD9BA2C2D5BA421AD48B304A /* VisionControlsView.swift */ = {isa = PBXFileReference; lastKnownFileType = sourcecode.swift; path = VisionControlsView.swift; sourceTree = "<group>"; };
		B07C58C81249192B2E4CC996 /* MetalView.swift */ = {isa = PBXFileReference; lastKnownFileType = sourcecode.swift; path = MetalView.swift; sourceTree = "<group>"; };
		B26D95461A4C15AF94731790 /* BlackHole-iOS.app */ = {isa = PBXFileReference; includeInIndex = 0; lastKnownFileType = wrapper.application; name = "BlackHole-iOS.app"; path = BlackHole.app; sourceTree = BUILT_PRODUCTS_DIR; };
		CA29C6AB0EA23F31509EF7AD /* ControlPanel.swift */ = {isa = PBXFileReference; lastKnownFileType = sourcecode.swift; path = ControlPanel.swift; sourceTree = "<group>"; };
		D877B3FC4148183FBA367728 /* macOSApp.swift */ = {isa = PBXFileReference; lastKnownFileType = sourcecode.swift; path = macOSApp.swift; sourceTree = "<group>"; };
		E2016702F3956BE72425A269 /* BlackHole-macOS.entitlements */ = {isa = PBXFileReference; lastKnownFileType = text.plist.entitlements; path = "BlackHole-macOS.entitlements"; sourceTree = "<group>"; };
		EA63F959520F6119D5606374 /* Assets.xcassets */ = {isa = PBXFileReference; lastKnownFileType = folder.assetcatalog; path = Assets.xcassets; sourceTree = "<group>"; };
		EFFE7DD2F5FD94877794B512 /* Renderer.swift */ = {isa = PBXFileReference; lastKnownFileType = sourcecode.swift; path = Renderer.swift; sourceTree = "<group>"; };
		F041D0E5499945102C25AE46 /* ShaderTypes.h */ = {isa = PBXFileReference; lastKnownFileType = sourcecode.c.h; path = ShaderTypes.h; sourceTree = "<group>"; };
		F16D1EB074E9B91906908442 /* Info.plist */ = {isa = PBXFileReference; lastKnownFileType = text.plist; path = Info.plist; sourceTree = "<group>"; };
		F7CB23EAF404BEF37969E5BA /* BlackHole.metal */ = {isa = PBXFileReference; lastKnownFileType = sourcecode.metal; path = BlackHole.metal; sourceTree = "<group>"; };
		FBB3B38EF7AE63FC59ED7A63 /* Info.plist */ = {isa = PBXFileReference; lastKnownFileType = text.plist; path = Info.plist; sourceTree = "<group>"; };
		FD327117E66302BD38F7AEAD /* BlackHoleParameters.swift */ = {isa = PBXFileReference; lastKnownFileType = sourcecode.swift; path = BlackHoleParameters.swift; sourceTree = "<group>"; };
/* End PBXFileReference section */

/* Begin PBXGroup section */
		3E2B9CCA2018B7793852F1BF /* BlackHole-iOS */ = {
			isa = PBXGroup;
			children = (
				FBB3B38EF7AE63FC59ED7A63 /* Info.plist */,
				2063DC9DB076023B1EDB0B0B /* iOSApp.swift */,
				04C9180D828CD070A4EE8437 /* LaunchScreen.storyboard */,
				138CE173BF3D9CE425A1BA87 /* PrivacyInfo.xcprivacy */,
				0D13F475A5E98679A99B94A9 /* WallpaperSaver.swift */,
			);
			path = "BlackHole-iOS";
			sourceTree = "<group>";
		};
		47C2261D0B2F8A80A4810AC6 /* BlackHole */ = {
			isa = PBXGroup;
			children = (
				9AC73052E737148B60773EDA /* AboutSheet.swift */,
				EA63F959520F6119D5606374 /* Assets.xcassets */,
				FD327117E66302BD38F7AEAD /* BlackHoleParameters.swift */,
				8516951A35DF5BAC2068FF56 /* ContentView.swift */,
				CA29C6AB0EA23F31509EF7AD /* ControlPanel.swift */,
				6B22B6FE2DEE0E1FAE3C5820 /* HUDView.swift */,
				B07C58C81249192B2E4CC996 /* MetalView.swift */,
				94971C7B80C0B86890A7A823 /* PaywallSheet.swift */,
				0C536C9AE14001F0686AEF34 /* PomodoroTimer.swift */,
				3026567985814163C7FA34BF /* PomodoroView.swift */,
				13CC2436F650CACEF9C12C44 /* QualityPreset.swift */,
				385F1F323863C33A518CFC90 /* Scenarios.swift */,
				74A591C534F0D81CB1BC28FD /* SubscriptionManager.swift */,
				EE0243FD634828B9D98A5EB1 /* Bridge */,
				CFF8C219330AA312FC5ED1C6 /* Renderer */,
				A2D16E563B1AE9852ACA60E2 /* Shared */,
			);
			path = BlackHole;
			sourceTree = "<group>";
		};
		559B8F056A8AEC0971976CC2 /* Products */ = {
			isa = PBXGroup;
			children = (
				B26D95461A4C15AF94731790 /* BlackHole-iOS.app */,
				0A1996A31D48334802F73F4C /* BlackHole.app */,
				A2DAEBF182F24FEB27214E2B /* BlackHole-visionOS.app */,
			);
			name = Products;
			sourceTree = "<group>";
		};
		652DC05835EA78B0ED20C0C7 = {
			isa = PBXGroup;
			children = (
				47C2261D0B2F8A80A4810AC6 /* BlackHole */,
				3E2B9CCA2018B7793852F1BF /* BlackHole-iOS */,
				FF7132E159ED7E99280E6221 /* BlackHole-macOS */,
				BADFFF154928EDC0EAE4BE72 /* BlackHole-visionOS */,
				559B8F056A8AEC0971976CC2 /* Products */,
			);
			sourceTree = "<group>";
		};
		A2D16E563B1AE9852ACA60E2 /* Shared */ = {
			isa = PBXGroup;
			children = (
				886592F7CEC2BFA3D593F571 /* BlackHole-Bridging-Header.h */,
				F041D0E5499945102C25AE46 /* ShaderTypes.h */,
			);
			path = Shared;
			sourceTree = "<group>";
		};
		BADFFF154928EDC0EAE4BE72 /* BlackHole-visionOS */ = {
			isa = PBXGroup;
			children = (
				29BEC6B796F2572E687DEA19 /* ImmersiveRenderer.swift */,
				5B7164F8C63CCFB0AD312A80 /* ImmersiveScene.metal */,
				0A65A62FA186A73BEDC1A002 /* Info.plist */,
				AD9BA2C2D5BA421AD48B304A /* VisionControlsView.swift */,
				67C0B12C9E38749A66148D98 /* visionOSApp.swift */,
			);
			path = "BlackHole-visionOS";
			sourceTree = "<group>";
		};
		CFF8C219330AA312FC5ED1C6 /* Renderer */ = {
			isa = PBXGroup;
			children = (
				F7CB23EAF404BEF37969E5BA /* BlackHole.metal */,
				98202AB7F164C5CCC41EC1CE /* Postprocess.metal */,
				EFFE7DD2F5FD94877794B512 /* Renderer.swift */,
			);
			path = Renderer;
			sourceTree = "<group>";
		};
		EE0243FD634828B9D98A5EB1 /* Bridge */ = {
			isa = PBXGroup;
			children = (
				228A3247AF1FD5E3C0B7DF90 /* Gravitas.swift */,
			);
			path = Bridge;
			sourceTree = "<group>";
		};
		FF7132E159ED7E99280E6221 /* BlackHole-macOS */ = {
			isa = PBXGroup;
			children = (
				414ED71E960453A3B70A5632 /* AppController.swift */,
				8AAD919A090B51F89F413EA0 /* Assets.xcassets */,
				E2016702F3956BE72425A269 /* BlackHole-macOS.entitlements */,
				F16D1EB074E9B91906908442 /* Info.plist */,
				D877B3FC4148183FBA367728 /* macOSApp.swift */,
				91148CBE0EBE1FB5F544E907 /* MenuBarContent.swift */,
				ACC9B3C45605DEDD23F39963 /* PrivacyInfo.xcprivacy */,
				23B9F74FA3C20F5E42CE28EC /* WallpaperManager.swift */,
				306AD48EBE39A6818CEF828F /* WallpaperOverlay.swift */,
			);
			path = "BlackHole-macOS";
			sourceTree = "<group>";
		};
/* End PBXGroup section */

/* Begin PBXNativeTarget section */
		63E73837F541D888209DC80A /* BlackHole-macOS */ = {
			isa = PBXNativeTarget;
			buildConfigurationList = 4A88A0C78BAC7E75A2CBA14F /* Build configuration list for PBXNativeTarget "BlackHole-macOS" */;
			buildPhases = (
				D89AA49BDA1A590BEA89F637 /* Sources */,
				2BA65E2B81576366691B0C7E /* Resources */,
			);
			buildRules = (
			);
			dependencies = (
			);
			name = "BlackHole-macOS";
			packageProductDependencies = (
			);
			productName = "BlackHole-macOS";
			productReference = 0A1996A31D48334802F73F4C /* BlackHole.app */;
			productType = "com.apple.product-type.application";
		};
		81D83E5C73648945D22A3F78 /* BlackHole-iOS */ = {
			isa = PBXNativeTarget;
			buildConfigurationList = 32073A9A37C557625EE1D5D4 /* Build configuration list for PBXNativeTarget "BlackHole-iOS" */;
			buildPhases = (
				6FA425935901C3B03CC1373C /* Sources */,
				69DB82D1EAAF6BED64F7789C /* Resources */,
			);
			buildRules = (
			);
			dependencies = (
			);
			name = "BlackHole-iOS";
			packageProductDependencies = (
			);
			productName = "BlackHole-iOS";
			productReference = B26D95461A4C15AF94731790 /* BlackHole-iOS.app */;
			productType = "com.apple.product-type.application";
		};
		B70A08803A7B8F2DC74E7364 /* BlackHole-visionOS */ = {
			isa = PBXNativeTarget;
			buildConfigurationList = 15ADFD5EB896D8331A19CA0D /* Build configuration list for PBXNativeTarget "BlackHole-visionOS" */;
			buildPhases = (
				7C0427787038716671E7F043 /* Sources */,
			);
			buildRules = (
			);
			dependencies = (
			);
			name = "BlackHole-visionOS";
			packageProductDependencies = (
			);
			productName = "BlackHole-visionOS";
			productReference = A2DAEBF182F24FEB27214E2B /* BlackHole-visionOS.app */;
			productType = "com.apple.product-type.application";
		};
/* End PBXNativeTarget section */

/* Begin PBXProject section */
		6155848081F05F78FB2A4DA9 /* Project object */ = {
			isa = PBXProject;
			attributes = {
				BuildIndependentTargetsInParallel = YES;
				LastUpgradeCheck = 1430;
				TargetAttributes = {
					63E73837F541D888209DC80A = {
						ProvisioningStyle = Automatic;
					};
					81D83E5C73648945D22A3F78 = {
						DevelopmentTeam = LQ69YVA9KK;
						ProvisioningStyle = Automatic;
					};
					B70A08803A7B8F2DC74E7364 = {
						DevelopmentTeam = LQ69YVA9KK;
						ProvisioningStyle = Automatic;
					};
				};
			};
			buildConfigurationList = 39880BA803EE9D70238F089F /* Build configuration list for PBXProject "BlackHole" */;
			developmentRegion = en;
			hasScannedForEncodings = 0;
			knownRegions = (
				Base,
				en,
			);
			mainGroup = 652DC05835EA78B0ED20C0C7;
			minimizedProjectReferenceProxies = 1;
			preferredProjectObjectVersion = 77;
			productRefGroup = 559B8F056A8AEC0971976CC2 /* Products */;
			projectDirPath = "";
			projectRoot = "";
			targets = (
				81D83E5C73648945D22A3F78 /* BlackHole-iOS */,
				63E73837F541D888209DC80A /* BlackHole-macOS */,
				B70A08803A7B8F2DC74E7364 /* BlackHole-visionOS */,
			);
		};
/* End PBXProject section */

/* Begin PBXResourcesBuildPhase section */
		2BA65E2B81576366691B0C7E /* Resources */ = {
			isa = PBXResourcesBuildPhase;
			buildActionMask = 2147483647;
			files = (
				4B958B2B76DBD2133B376987 /* Assets.xcassets in Resources */,
				55D87B9B9092B7875FB78175 /* Assets.xcassets in Resources */,
				0F6B02087E9DD6DEB615BB74 /* PrivacyInfo.xcprivacy in Resources */,
			);
			runOnlyForDeploymentPostprocessing = 0;
		};
		69DB82D1EAAF6BED64F7789C /* Resources */ = {
			isa = PBXResourcesBuildPhase;
			buildActionMask = 2147483647;
			files = (
				F69ECF7C1E9B3B8CD6F79886 /* Assets.xcassets in Resources */,
				59B060E7778F6E712F54014D /* LaunchScreen.storyboard in Resources */,
				F35B3F8C56438C7665081A90 /* PrivacyInfo.xcprivacy in Resources */,
			);
			runOnlyForDeploymentPostprocessing = 0;
		};
/* End PBXResourcesBuildPhase section */

/* Begin PBXSourcesBuildPhase section */
		6FA425935901C3B03CC1373C /* Sources */ = {
			isa = PBXSourcesBuildPhase;
			buildActionMask = 2147483647;
			files = (
				7C6ED339F260D0390656376D /* AboutSheet.swift in Sources */,
				00935CDF786709284DA0BF1B /* BlackHole.metal in Sources */,
				C33C634C057A0EBBB885FD3A /* BlackHoleParameters.swift in Sources */,
				CDF59D713DF376322D3589E3 /* ContentView.swift in Sources */,
				A83DDDFB57270785BD8D4EE3 /* ControlPanel.swift in Sources */,
				F82548E56AC34B875E8790B9 /* Gravitas.swift in Sources */,
				AC74D175AC429F3B5487A02E /* HUDView.swift in Sources */,
				5D3F7A2D3C635D755880BE7A /* MetalView.swift in Sources */,
				C289B729EE7A6DC35A78D92F /* PaywallSheet.swift in Sources */,
				A0FE73C1962EFD2205BA26D1 /* PomodoroTimer.swift in Sources */,
				7E3C77BA3757E00CD5BA996B /* PomodoroView.swift in Sources */,
				A839DE4408696F05787165D2 /* Postprocess.metal in Sources */,
				E83EE384723E7716CC405079 /* QualityPreset.swift in Sources */,
				4A9F6307104030822CEB7FAE /* Renderer.swift in Sources */,
				FDEC3E7865D1BB5CB3B5AB7B /* Scenarios.swift in Sources */,
				145116860D5A26CEE03394A8 /* SubscriptionManager.swift in Sources */,
				C731A45B2ED2610D29CC4234 /* WallpaperSaver.swift in Sources */,
				950AB0F930740072F42899F4 /* iOSApp.swift in Sources */,
			);
			runOnlyForDeploymentPostprocessing = 0;
		};
		7C0427787038716671E7F043 /* Sources */ = {
			isa = PBXSourcesBuildPhase;
			buildActionMask = 2147483647;
			files = (
				5D5A75D72DF1AB56D394583C /* AboutSheet.swift in Sources */,
				2FA030A848553CFAABCD0A5F /* BlackHole.metal in Sources */,
				0273C7B002D180F842D5C02C /* BlackHoleParameters.swift in Sources */,
				7EE2E558624B090736EE9BDB /* ControlPanel.swift in Sources */,
				BF5E894EB0619BC5A716BF23 /* Gravitas.swift in Sources */,
				8CBCED5C9DEB36A8D0BFB09D /* HUDView.swift in Sources */,
				0313DD307A72C2C2A673FBDC /* ImmersiveRenderer.swift in Sources */,
				05D5CC0F0AE636C5C8E238FC /* ImmersiveScene.metal in Sources */,
				F769C40909B59841EEFFF714 /* PaywallSheet.swift in Sources */,
				7E785BBFC0753AB8CB05FC11 /* PomodoroTimer.swift in Sources */,
				AF6E96C28DAB2E20ECC7B12D /* PomodoroView.swift in Sources */,
				73690FFDD1D84E6DE37FE1EA /* Postprocess.metal in Sources */,
				F4957E4D0F8DF3FC99A035B0 /* QualityPreset.swift in Sources */,
				08846C9EDD81AA09AD3DDEF7 /* Renderer.swift in Sources */,
				495CB10CBBE976B183ABBBA2 /* Scenarios.swift in Sources */,
				86F5C708878923FF3B4E24E1 /* SubscriptionManager.swift in Sources */,
				1911572044E831B11D4D43EC /* VisionControlsView.swift in Sources */,
				22A7ED9133BEA9CF0A8E1DC7 /* visionOSApp.swift in Sources */,
			);
			runOnlyForDeploymentPostprocessing = 0;
		};
		D89AA49BDA1A590BEA89F637 /* Sources */ = {
			isa = PBXSourcesBuildPhase;
			buildActionMask = 2147483647;
			files = (
				3216A3C93A9B10077BD95A6C /* AboutSheet.swift in Sources */,
				5ABE00F7E3B50DD51DA1CF53 /* AppController.swift in Sources */,
				DEA1611520F03C045CFDD434 /* BlackHole.metal in Sources */,
				DED631FFEF28D2F74E076767 /* BlackHoleParameters.swift in Sources */,
				95C9B85C8CFD1214BC42B11E /* ContentView.swift in Sources */,
				6E122D544EA53EF9E3AA7B7D /* ControlPanel.swift in Sources */,
				1F2844246F448800945F9A99 /* Gravitas.swift in Sources */,
				AB44C8F895407B51CF04DCF1 /* HUDView.swift in Sources */,
				6A0A5D49DB5FA8110C617EAC /* MenuBarContent.swift in Sources */,
				7AB2137D911BCED6C23F0DA9 /* MetalView.swift in Sources */,
				2A223A3E46F20A1BEBC85384 /* PaywallSheet.swift in Sources */,
				928D723A448C0FCE1E483F30 /* PomodoroTimer.swift in Sources */,
				2C931596D87616352F150863 /* PomodoroView.swift in Sources */,
				5272AD76B4E1584C99F12A27 /* Postprocess.metal in Sources */,
				452172F680ACEB66D2624295 /* QualityPreset.swift in Sources */,
				FF4B75BF7BF4EE823CF370B5 /* Renderer.swift in Sources */,
				6602CB2FC029B2F356975F94 /* Scenarios.swift in Sources */,
				97436CB8650F976ABA7AEF25 /* SubscriptionManager.swift in Sources */,
				57BBC2DDBF369F88A3613FF1 /* WallpaperManager.swift in Sources */,
				74C7FE6AF55575536DD6BFAE /* WallpaperOverlay.swift in Sources */,
				D8C7C6A2311B938EBE7A50D6 /* macOSApp.swift in Sources */,
			);
			runOnlyForDeploymentPostprocessing = 0;
		};
/* End PBXSourcesBuildPhase section */

/* Begin XCBuildConfiguration section */
		04F6F7730AA9B0E02045AC85 /* Debug */ = {
			isa = XCBuildConfiguration;
			buildSettings = {
				ASSETCATALOG_COMPILER_APPICON_NAME = AppIcon;
				CODE_SIGN_IDENTITY = "iPhone Developer";
				GENERATE_INFOPLIST_FILE = NO;
				INFOPLIST_FILE = "BlackHole-iOS/Info.plist";
				LD_RUNPATH_SEARCH_PATHS = (
					"$(inherited)",
					"@executable_path/Frameworks",
				);
				MTL_ENABLE_DEBUG_INFO = INCLUDE_SOURCE;
				MTL_FAST_MATH = YES;
				PRODUCT_BUNDLE_IDENTIFIER = com.orchestrsim.blackholesim;
				PRODUCT_NAME = BlackHole;
				SDKROOT = iphoneos;
				SWIFT_OBJC_BRIDGING_HEADER = "BlackHole/Shared/BlackHole-Bridging-Header.h";
				TARGETED_DEVICE_FAMILY = "1,2";
			};
			name = Debug;
		};
		190235A13531530EF43792B9 /* Release */ = {
			isa = XCBuildConfiguration;
			buildSettings = {
				ASSETCATALOG_COMPILER_APPICON_NAME = AppIcon;
				CODE_SIGN_ENTITLEMENTS = "BlackHole-macOS/BlackHole-macOS.entitlements";
				COMBINE_HIDPI_IMAGES = YES;
				DEVELOPMENT_TEAM = Z64KRUX3W3;
				ENABLE_HARDENED_RUNTIME = YES;
				GENERATE_INFOPLIST_FILE = NO;
				INFOPLIST_FILE = "BlackHole-macOS/Info.plist";
				LD_RUNPATH_SEARCH_PATHS = (
					"$(inherited)",
					"@executable_path/../Frameworks",
				);
				MTL_ENABLE_DEBUG_INFO = INCLUDE_SOURCE;
				MTL_FAST_MATH = YES;
				PRODUCT_BUNDLE_IDENTIFIER = com.orchestrsim.blackholesim;
				PRODUCT_NAME = BlackHole;
				SDKROOT = macosx;
				SWIFT_OBJC_BRIDGING_HEADER = "BlackHole/Shared/BlackHole-Bridging-Header.h";
			};
			name = Release;
		};
		23C60528EDEB8B4BDD99111D /* Release */ = {
			isa = XCBuildConfiguration;
			buildSettings = {
				ASSETCATALOG_COMPILER_APPICON_NAME = AppIcon;
				GENERATE_INFOPLIST_FILE = NO;
				INFOPLIST_FILE = "BlackHole-visionOS/Info.plist";
				LD_RUNPATH_SEARCH_PATHS = (
					"$(inherited)",
					"@executable_path/Frameworks",
				);
				MTL_ENABLE_DEBUG_INFO = INCLUDE_SOURCE;
				MTL_FAST_MATH = YES;
				PRODUCT_BUNDLE_IDENTIFIER = com.orchestrsim.blackholesim;
				PRODUCT_NAME = BlackHole;
				SDKROOT = xros;
				SWIFT_OBJC_BRIDGING_HEADER = "BlackHole/Shared/BlackHole-Bridging-Header.h";
				TARGETED_DEVICE_FAMILY = 7;
			};
			name = Release;
		};
		54696CEF719DBC476F1023F3 /* Release */ = {
			isa = XCBuildConfiguration;
			buildSettings = {
				ASSETCATALOG_COMPILER_APPICON_NAME = AppIcon;
				CODE_SIGN_IDENTITY = "iPhone Developer";
				GENERATE_INFOPLIST_FILE = NO;
				INFOPLIST_FILE = "BlackHole-iOS/Info.plist";
				LD_RUNPATH_SEARCH_PATHS = (
					"$(inherited)",
					"@executable_path/Frameworks",
				);
				MTL_ENABLE_DEBUG_INFO = INCLUDE_SOURCE;
				MTL_FAST_MATH = YES;
				PRODUCT_BUNDLE_IDENTIFIER = com.orchestrsim.blackholesim;
				PRODUCT_NAME = BlackHole;
				SDKROOT = iphoneos;
				SWIFT_OBJC_BRIDGING_HEADER = "BlackHole/Shared/BlackHole-Bridging-Header.h";
				TARGETED_DEVICE_FAMILY = "1,2";
			};
			name = Release;
		};
		5AEF36D6E18A17D6D30FFD19 /* Debug */ = {
			isa = XCBuildConfiguration;
			buildSettings = {
				ASSETCATALOG_COMPILER_APPICON_NAME = AppIcon;
				GENERATE_INFOPLIST_FILE = NO;
				INFOPLIST_FILE = "BlackHole-visionOS/Info.plist";
				LD_RUNPATH_SEARCH_PATHS = (
					"$(inherited)",
					"@executable_path/Frameworks",
				);
				MTL_ENABLE_DEBUG_INFO = INCLUDE_SOURCE;
				MTL_FAST_MATH = YES;
				PRODUCT_BUNDLE_IDENTIFIER = com.orchestrsim.blackholesim;
				PRODUCT_NAME = BlackHole;
				SDKROOT = xros;
				SWIFT_OBJC_BRIDGING_HEADER = "BlackHole/Shared/BlackHole-Bridging-Header.h";
				TARGETED_DEVICE_FAMILY = 7;
			};
			name = Debug;
		};
		C15930BCFE8A31042DF44E6F /* Debug */ = {
			isa = XCBuildConfiguration;
			buildSettings = {
				ASSETCATALOG_COMPILER_APPICON_NAME = AppIcon;
				CODE_SIGN_ENTITLEMENTS = "BlackHole-macOS/BlackHole-macOS.entitlements";
				COMBINE_HIDPI_IMAGES = YES;
				DEVELOPMENT_TEAM = Z64KRUX3W3;
				ENABLE_HARDENED_RUNTIME = YES;
				GENERATE_INFOPLIST_FILE = NO;
				INFOPLIST_FILE = "BlackHole-macOS/Info.plist";
				LD_RUNPATH_SEARCH_PATHS = (
					"$(inherited)",
					"@executable_path/../Frameworks",
				);
				MTL_ENABLE_DEBUG_INFO = INCLUDE_SOURCE;
				MTL_FAST_MATH = YES;
				PRODUCT_BUNDLE_IDENTIFIER = com.orchestrsim.blackholesim;
				PRODUCT_NAME = BlackHole;
				SDKROOT = macosx;
				SWIFT_OBJC_BRIDGING_HEADER = "BlackHole/Shared/BlackHole-Bridging-Header.h";
			};
			name = Debug;
		};
		C472182AEA8B54BBE6A19E4B /* Release */ = {
			isa = XCBuildConfiguration;
			buildSettings = {
				ALWAYS_SEARCH_USER_PATHS = NO;
				CLANG_ANALYZER_NONNULL = YES;
				CLANG_ANALYZER_NUMBER_OBJECT_CONVERSION = YES_AGGRESSIVE;
				CLANG_CXX_LANGUAGE_STANDARD = "gnu++14";
				CLANG_CXX_LIBRARY = "libc++";
				CLANG_ENABLE_MODULES = YES;
				CLANG_ENABLE_OBJC_ARC = YES;
				CLANG_ENABLE_OBJC_WEAK = YES;
				CLANG_WARN_BLOCK_CAPTURE_AUTORELEASING = YES;
				CLANG_WARN_BOOL_CONVERSION = YES;
				CLANG_WARN_COMMA = YES;
				CLANG_WARN_CONSTANT_CONVERSION = YES;
				CLANG_WARN_DEPRECATED_OBJC_IMPLEMENTATIONS = YES;
				CLANG_WARN_DIRECT_OBJC_ISA_USAGE = YES_ERROR;
				CLANG_WARN_DOCUMENTATION_COMMENTS = YES;
				CLANG_WARN_EMPTY_BODY = YES;
				CLANG_WARN_ENUM_CONVERSION = YES;
				CLANG_WARN_INFINITE_RECURSION = YES;
				CLANG_WARN_INT_CONVERSION = YES;
				CLANG_WARN_NON_LITERAL_NULL_CONVERSION = YES;
				CLANG_WARN_OBJC_IMPLICIT_RETAIN_SELF = YES;
				CLANG_WARN_OBJC_LITERAL_CONVERSION = YES;
				CLANG_WARN_OBJC_ROOT_CLASS = YES_ERROR;
				CLANG_WARN_QUOTED_INCLUDE_IN_FRAMEWORK_HEADER = YES;
				CLANG_WARN_RANGE_LOOP_ANALYSIS = YES;
				CLANG_WARN_STRICT_PROTOTYPES = YES;
				CLANG_WARN_SUSPICIOUS_MOVE = YES;
				CLANG_WARN_UNGUARDED_AVAILABILITY = YES_AGGRESSIVE;
				CLANG_WARN_UNREACHABLE_CODE = YES;
				CLANG_WARN__DUPLICATE_METHOD_MATCH = YES;
				CODE_SIGN_STYLE = Automatic;
				COPY_PHASE_STRIP = NO;
				CURRENT_PROJECT_VERSION = 2;
				DEBUG_INFORMATION_FORMAT = "dwarf-with-dsym";
				DEVELOPMENT_TEAM = LQ69YVA9KK;
				ENABLE_NS_ASSERTIONS = NO;
				ENABLE_STRICT_OBJC_MSGSEND = YES;
				ENABLE_USER_SCRIPT_SANDBOXING = NO;
				GCC_C_LANGUAGE_STANDARD = gnu11;
				GCC_NO_COMMON_BLOCKS = YES;
				GCC_WARN_64_TO_32_BIT_CONVERSION = YES;
				GCC_WARN_ABOUT_RETURN_TYPE = YES_ERROR;
				GCC_WARN_UNDECLARED_SELECTOR = YES;
				GCC_WARN_UNINITIALIZED_AUTOS = YES_AGGRESSIVE;
				GCC_WARN_UNUSED_FUNCTION = YES;
				GCC_WARN_UNUSED_VARIABLE = YES;
				IPHONEOS_DEPLOYMENT_TARGET = 17.0;
				MACOSX_DEPLOYMENT_TARGET = 14.0;
				MARKETING_VERSION = 1.0.0;
				MTL_ENABLE_DEBUG_INFO = NO;
				MTL_FAST_MATH = YES;
				PRODUCT_NAME = "$(TARGET_NAME)";
				SWIFT_COMPILATION_MODE = wholemodule;
				SWIFT_OPTIMIZATION_LEVEL = "-O";
				SWIFT_STRICT_CONCURRENCY = minimal;
				SWIFT_VERSION = 5.10;
				XROS_DEPLOYMENT_TARGET = 2.0;
			};
			name = Release;
		};
		CF7F4B562461AF40D6FF1966 /* Debug */ = {
			isa = XCBuildConfiguration;
			buildSettings = {
				ALWAYS_SEARCH_USER_PATHS = NO;
				CLANG_ANALYZER_NONNULL = YES;
				CLANG_ANALYZER_NUMBER_OBJECT_CONVERSION = YES_AGGRESSIVE;
				CLANG_CXX_LANGUAGE_STANDARD = "gnu++14";
				CLANG_CXX_LIBRARY = "libc++";
				CLANG_ENABLE_MODULES = YES;
				CLANG_ENABLE_OBJC_ARC = YES;
				CLANG_ENABLE_OBJC_WEAK = YES;
				CLANG_WARN_BLOCK_CAPTURE_AUTORELEASING = YES;
				CLANG_WARN_BOOL_CONVERSION = YES;
				CLANG_WARN_COMMA = YES;
				CLANG_WARN_CONSTANT_CONVERSION = YES;
				CLANG_WARN_DEPRECATED_OBJC_IMPLEMENTATIONS = YES;
				CLANG_WARN_DIRECT_OBJC_ISA_USAGE = YES_ERROR;
				CLANG_WARN_DOCUMENTATION_COMMENTS = YES;
				CLANG_WARN_EMPTY_BODY = YES;
				CLANG_WARN_ENUM_CONVERSION = YES;
				CLANG_WARN_INFINITE_RECURSION = YES;
				CLANG_WARN_INT_CONVERSION = YES;
				CLANG_WARN_NON_LITERAL_NULL_CONVERSION = YES;
				CLANG_WARN_OBJC_IMPLICIT_RETAIN_SELF = YES;
				CLANG_WARN_OBJC_LITERAL_CONVERSION = YES;
				CLANG_WARN_OBJC_ROOT_CLASS = YES_ERROR;
				CLANG_WARN_QUOTED_INCLUDE_IN_FRAMEWORK_HEADER = YES;
				CLANG_WARN_RANGE_LOOP_ANALYSIS = YES;
				CLANG_WARN_STRICT_PROTOTYPES = YES;
				CLANG_WARN_SUSPICIOUS_MOVE = YES;
				CLANG_WARN_UNGUARDED_AVAILABILITY = YES_AGGRESSIVE;
				CLANG_WARN_UNREACHABLE_CODE = YES;
				CLANG_WARN__DUPLICATE_METHOD_MATCH = YES;
				CODE_SIGN_STYLE = Automatic;
				COPY_PHASE_STRIP = NO;
				CURRENT_PROJECT_VERSION = 2;
				DEBUG_INFORMATION_FORMAT = dwarf;
				DEVELOPMENT_TEAM = LQ69YVA9KK;
				ENABLE_STRICT_OBJC_MSGSEND = YES;
				ENABLE_TESTABILITY = YES;
				ENABLE_USER_SCRIPT_SANDBOXING = NO;
				GCC_C_LANGUAGE_STANDARD = gnu11;
				GCC_DYNAMIC_NO_PIC = NO;
				GCC_NO_COMMON_BLOCKS = YES;
				GCC_OPTIMIZATION_LEVEL = 0;
				GCC_PREPROCESSOR_DEFINITIONS = (
					"$(inherited)",
					"DEBUG=1",
				);
				GCC_WARN_64_TO_32_BIT_CONVERSION = YES;
				GCC_WARN_ABOUT_RETURN_TYPE = YES_ERROR;
				GCC_WARN_UNDECLARED_SELECTOR = YES;
				GCC_WARN_UNINITIALIZED_AUTOS = YES_AGGRESSIVE;
				GCC_WARN_UNUSED_FUNCTION = YES;
				GCC_WARN_UNUSED_VARIABLE = YES;
				IPHONEOS_DEPLOYMENT_TARGET = 17.0;
				MACOSX_DEPLOYMENT_TARGET = 14.0;
				MARKETING_VERSION = 1.0.0;
				MTL_ENABLE_DEBUG_INFO = INCLUDE_SOURCE;
				MTL_FAST_MATH = YES;
				ONLY_ACTIVE_ARCH = YES;
				PRODUCT_NAME = "$(TARGET_NAME)";
				SWIFT_ACTIVE_COMPILATION_CONDITIONS = DEBUG;
				SWIFT_OPTIMIZATION_LEVEL = "-Onone";
				SWIFT_STRICT_CONCURRENCY = minimal;
				SWIFT_VERSION = 5.10;
				XROS_DEPLOYMENT_TARGET = 2.0;
			};
			name = Debug;
		};
/* End XCBuildConfiguration section */

/* Begin XCConfigurationList section */
		15ADFD5EB896D8331A19CA0D /* Build configuration list for PBXNativeTarget "BlackHole-visionOS" */ = {
			isa = XCConfigurationList;
			buildConfigurations = (
				5AEF36D6E18A17D6D30FFD19 /* Debug */,
				23C60528EDEB8B4BDD99111D /* Release */,
			);
			defaultConfigurationIsVisible = 0;
			defaultConfigurationName = Debug;
		};
		32073A9A37C557625EE1D5D4 /* Build configuration list for PBXNativeTarget "BlackHole-iOS" */ = {
			isa = XCConfigurationList;
			buildConfigurations = (
				04F6F7730AA9B0E02045AC85 /* Debug */,
				54696CEF719DBC476F1023F3 /* Release */,
			);
			defaultConfigurationIsVisible = 0;
			defaultConfigurationName = Debug;
		};
		39880BA803EE9D70238F089F /* Build configuration list for PBXProject "BlackHole" */ = {
			isa = XCConfigurationList;
			buildConfigurations = (
				CF7F4B562461AF40D6FF1966 /* Debug */,
				C472182AEA8B54BBE6A19E4B /* Release */,
			);
			defaultConfigurationIsVisible = 0;
			defaultConfigurationName = Debug;
		};
		4A88A0C78BAC7E75A2CBA14F /* Build configuration list for PBXNativeTarget "BlackHole-macOS" */ = {
			isa = XCConfigurationList;
			buildConfigurations = (
				C15930BCFE8A31042DF44E6F /* Debug */,
				190235A13531530EF43792B9 /* Release */,
			);
			defaultConfigurationIsVisible = 0;
			defaultConfigurationName = Debug;
		};
/* End XCConfigurationList section */
	};
	rootObject = 6155848081F05F78FB2A4DA9 /* Project object */;
}
